// !$*UTF8*$!
{
	archiveVersion = 1;
	classes = {
	};
	objectVersion = 46;
	objects = {

/* Begin PBXBuildFile section */
		E919B40A1C5F8D9D00FE4416 /* AppDelegate.swift in Sources */ = {isa = PBXBuildFile; fileRef = E919B4091C5F8D9D00FE4416 /* AppDelegate.swift */; };
		E919B40C1C5F8D9D00FE4416 /* ViewController.swift in Sources */ = {isa = PBXBuildFile; fileRef = E919B40B1C5F8D9D00FE4416 /* ViewController.swift */; };
		E919B40F1C5F8D9D00FE4416 /* Main.storyboard in Resources */ = {isa = PBXBuildFile; fileRef = E919B40D1C5F8D9D00FE4416 /* Main.storyboard */; };
		E919B4111C5F8D9D00FE4416 /* Assets.xcassets in Resources */ = {isa = PBXBuildFile; fileRef = E919B4101C5F8D9D00FE4416 /* Assets.xcassets */; };
		E919B4141C5F8D9D00FE4416 /* LaunchScreen.storyboard in Resources */ = {isa = PBXBuildFile; fileRef = E919B4121C5F8D9D00FE4416 /* LaunchScreen.storyboard */; };
/* End PBXBuildFile section */

/* Begin PBXFileReference section */
		E919B4061C5F8D9D00FE4416 /* demo 1.app */ = {isa = PBXFileReference; explicitFileType = wrapper.application; includeInIndex = 0; path = "demo 1.app"; sourceTree = BUILT_PRODUCTS_DIR; };
		E919B4091C5F8D9D00FE4416 /* AppDelegate.swift */ = {isa = PBXFileReference; lastKnownFileType = sourcecode.swift; path = AppDelegate.swift; sourceTree = "<group>"; };
		E919B40B1C5F8D9D00FE4416 /* ViewController.swift */ = {isa = PBXFileReference; lastKnownFileType = sourcecode.swift; path = ViewController.swift; sourceTree = "<group>"; };
		E919B40E1C5F8D9D00FE4416 /* Base */ = {isa = PBXFileReference; lastKnownFileType = file.storyboard; name = Base; path = Base.lproj/Main.storyboard; sourceTree = "<group>"; };
		E919B4101C5F8D9D00FE4416 /* Assets.xcassets */ = {isa = PBXFileReference; lastKnownFileType = folder.assetcatalog; path = Assets.xcassets; sourceTree = "<group>"; };
		E919B4131C5F8D9D00FE4416 /* Base */ = {isa = PBXFileReference; lastKnownFileType = file.storyboard; name = Base; path = Base.lproj/LaunchScreen.storyboard; sourceTree = "<group>"; };
		E919B4151C5F8D9D00FE4416 /* Info.plist */ = {isa = PBXFileReference; lastKnownFileType = text.plist.xml; path = Info.plist; sourceTree = "<group>"; };
/* End PBXFileReference section */

/* Begin PBXFrameworksBuildPhase section */
		E919B4031C5F8D9D00FE4416 /* Frameworks */ = {
			isa = PBXFrameworksBuildPhase;
			buildActionMask = 2147483647;
			files = (
			);
			runOnlyForDeploymentPostprocessing = 0;
		};
/* End PBXFrameworksBuildPhase section */

/* Begin PBXGroup section */
		E919B3FD1C5F8D9D00FE4416 = {
			isa = PBXGroup;
			children = (
				E919B4081C5F8D9D00FE4416 /* demo 1 */,
				E919B4071C5F8D9D00FE4416 /* Products */,
			);
			sourceTree = "<group>";
		};
		E919B4071C5F8D9D00FE4416 /* Products */ = {
			isa = PBXGroup;
			children = (
				E919B4061C5F8D9D00FE4416 /* demo 1.app */,
			);
			name = Products;
			sourceTree = "<group>";
		};
		E919B4081C5F8D9D00FE4416 /* demo 1 */ = {
			isa = PBXGroup;
			children = (
				E919B4091C5F8D9D00FE4416 /* AppDelegate.swift */,
				E919B40B1C5F8D9D00FE4416 /* ViewController.swift */,
				E919B40D1C5F8D9D00FE4416 /* Main.storyboard */,
				E919B4101C5F8D9D00FE4416 /* Assets.xcassets */,
				E919B4121C5F8D9D00FE4416 /* LaunchScreen.storyboard */,
				E919B4151C5F8D9D00FE4416 /* Info.plist */,
			);
			path = "demo 1";
			sourceTree = "<group>";
		};
/* End PBXGroup section */

/* Begin PBXNativeTarget section */
		E919B4051C5F8D9D00FE4416 /* demo 1 */ = {
			isa = PBXNativeTarget;
			buildConfigurationList = E919B4181C5F8D9D00FE4416 /* Build configuration list for PBXNativeTarget "demo 1" */;
			buildPhases = (
				E919B4021C5F8D9D00FE4416 /* Sources */,
				E919B4031C5F8D9D00FE4416 /* Frameworks */,
				E919B4041C5F8D9D00FE4416 /* Resources */,
			);
			buildRules = (
			);
			dependencies = (
			);
			name = "demo 1";
			productName = "demo 1";
			productReference = E919B4061C5F8D9D00FE4416 /* demo 1.app */;
			productType = "com.apple.product-type.application";
		};
/* End PBXNativeTarget section */

/* Begin PBXProject section */
		E919B3FE1C5F8D9D00FE4416 /* Project object */ = {
			isa = PBXProject;
			attributes = {
				LastSwiftUpdateCheck = 0720;
				LastUpgradeCheck = 0720;
				ORGANIZATIONNAME = ThomasHamburger;
				TargetAttributes = {
					E919B4051C5F8D9D00FE4416 = {
						CreatedOnToolsVersion = 7.2;
						DevelopmentTeam = T2LS374DVV;
					};
				};
			};
			buildConfigurationList = E919B4011C5F8D9D00FE4416 /* Build configuration list for PBXProject "demo 1" */;
			compatibilityVersion = "Xcode 3.2";
			developmentRegion = English;
			hasScannedForEncodings = 0;
			knownRegions = (
				en,
				Base,
			);
			mainGroup = E919B3FD1C5F8D9D00FE4416;
			productRefGroup = E919B4071C5F8D9D00FE4416 /* Products */;
			projectDirPath = "";
			projectRoot = "";
			targets = (
				E919B4051C5F8D9D00FE4416 /* demo 1 */,
			);
		};
/* End PBXProject section */

/* Begin PBXResourcesBuildPhase section */
		E919B4041C5F8D9D00FE4416 /* Resources */ = {
			isa = PBXResourcesBuildPhase;
			buildActionMask = 2147483647;
			files = (
				E919B4141C5F8D9D00FE4416 /* LaunchScreen.storyboard in Resources */,
				E919B4111C5F8D9D00FE4416 /* Assets.xcassets in Resources */,
				E919B40F1C5F8D9D00FE4416 /* Main.storyboard in Resources */,
			);
			runOnlyForDeploymentPostprocessing = 0;
		};
/* End PBXResourcesBuildPhase section */

/* Begin PBXSourcesBuildPhase section */
		E919B4021C5F8D9D00FE4416 /* Sources */ = {
			isa = PBXSourcesBuildPhase;
			buildActionMask = 2147483647;
			files = (
				E919B40C1C5F8D9D00FE4416 /* ViewController.swift in Sources */,
				E919B40A1C5F8D9D00FE4416 /* AppDelegate.swift in Sources */,
			);
			runOnlyForDeploymentPostprocessing = 0;
		};
/* End PBXSourcesBuildPhase section */

/* Begin PBXVariantGroup section */
		E919B40D1C5F8D9D00FE4416 /* Main.storyboard */ = {
			isa = PBXVariantGroup;
			children = (
				E919B40E1C5F8D9D00FE4416 /* Base */,
			);
			name = Main.storyboard;
			sourceTree = "<group>";
		};
		E919B4121C5F8D9D00FE4416 /* LaunchScreen.storyboard */ = {
			isa = PBXVariantGroup;
			children = (
				E919B4131C5F8D9D00FE4416 /* Base */,
			);
			name = LaunchScreen.storyboard;
			sourceTree = "<group>";
		};
/* End PBXVariantGroup section */

/* Begin XCBuildConfiguration section */
		E919B4161C5F8D9D00FE4416 /* Debug */ = {
			isa = XCBuildConfiguration;
			buildSettings = {
				ALWAYS_SEARCH_USER_PATHS = NO;
				CLANG_CXX_LANGUAGE_STANDARD = "gnu++0x";
				CLANG_CXX_LIBRARY = "libc++";
				CLANG_ENABLE_MODULES = YES;
				CLANG_ENABLE_OBJC_ARC = YES;
				CLANG_WARN_BOOL_CONVERSION = YES;
				CLANG_WARN_CONSTANT_CONVERSION = YES;
				CLANG_WARN_DIRECT_OBJC_ISA_USAGE = YES_ERROR;
				CLANG_WARN_EMPTY_BODY = YES;
				CLANG_WARN_ENUM_CONVERSION = YES;
				CLANG_WARN_INT_CONVERSION = YES;
				CLANG_WARN_OBJC_ROOT_CLASS = YES_ERROR;
				CLANG_WARN_UNREACHABLE_CODE = YES;
				CLANG_WARN__DUPLICATE_METHOD_MATCH = YES;
				"CODE_SIGN_IDENTITY[sdk=iphoneos*]" = "iPhone Developer";
				COPY_PHASE_STRIP = NO;
				DEBUG_INFORMATION_FORMAT = dwarf;
				ENABLE_STRICT_OBJC_MSGSEND = YES;
				ENABLE_TESTABILITY = YES;
				GCC_C_LANGUAGE_STANDARD = gnu99;
				GCC_DYNAMIC_NO_PIC = NO;
				GCC_NO_COMMON_BLOCKS = YES;
				GCC_OPTIMIZATION_LEVEL = 0;
				GCC_PREPROCESSOR_DEFINITIONS = (
					"DEBUG=1",
					"$(inherited)",
				);
				GCC_WARN_64_TO_32_BIT_CONVERSION = YES;
				GCC_WARN_ABOUT_RETURN_TYPE = YES_ERROR;
				GCC_WARN_UNDECLARED_SELECTOR = YES;
				GCC_WARN_UNINITIALIZED_AUTOS = YES_AGGRESSIVE;
				GCC_WARN_UNUSED_FUNCTION = YES;
				GCC_WARN_UNUSED_VARIABLE = YES;
				IPHONEOS_DEPLOYMENT_TARGET = 9.2;
				MTL_ENABLE_DEBUG_INFO = YES;
				ONLY_ACTIVE_ARCH = YES;
				SDKROOT = iphoneos;
				SWIFT_OPTIMIZATION_LEVEL = "-Onone";
			};
			name = Debug;
		};
		E919B4171C5F8D9D00FE4416 /* Release */ = {
			isa = XCBuildConfiguration;
			buildSettings = {
				ALWAYS_SEARCH_USER_PATHS = NO;
				CLANG_CXX_LANGUAGE_STANDARD = "gnu++0x";
				CLANG_CXX_LIBRARY = "libc++";
				CLANG_ENABLE_MODULES = YES;
				CLANG_ENABLE_OBJC_ARC = YES;
				CLANG_WARN_BOOL_CONVERSION = YES;
				CLANG_WARN_CONSTANT_CONVERSION = YES;
				CLANG_WARN_DIRECT_OBJC_ISA_USAGE = YES_ERROR;
				CLANG_WARN_EMPTY_BODY = YES;
				CLANG_WARN_ENUM_CONVERSION = YES;
				CLANG_WARN_INT_CONVERSION = YES;
				CLANG_WARN_OBJC_ROOT_CLASS = YES_ERROR;
				CLANG_WARN_UNREACHABLE_CODE = YES;
				CLANG_WARN__DUPLICATE_METHOD_MATCH = YES;
				"CODE_SIGN_IDENTITY[sdk=iphoneos*]" = "iPhone Developer";
				COPY_PHASE_STRIP = NO;
				DEBUG_INFORMATION_FORMAT = "dwarf-with-dsym";
				ENABLE_NS_ASSERTIONS = NO;
				ENABLE_STRICT_OBJC_MSGSEND = YES;
				GCC_C_LANGUAGE_STANDARD = gnu99;
				GCC_NO_COMMON_BLOCKS = YES;
				GCC_WARN_64_TO_32_BIT_CONVERSION = YES;
				GCC_WARN_ABOUT_RETURN_TYPE = YES_ERROR;
				GCC_WARN_UNDECLARED_SELECTOR = YES;
				GCC_WARN_UNINITIALIZED_AUTOS = YES_AGGRESSIVE;
				GCC_WARN_UNUSED_FUNCTION = YES;
				GCC_WARN_UNUSED_VARIABLE = YES;
				IPHONEOS_DEPLOYMENT_TARGET = 9.2;
				MTL_ENABLE_DEBUG_INFO = NO;
				SDKROOT = iphoneos;
				VALIDATE_PRODUCT = YES;
			};
			name = Release;
		};
		E919B4191C5F8D9D00FE4416 /* Debug */ = {
			isa = XCBuildConfiguration;
			buildSettings = {
				ASSETCATALOG_COMPILER_APPICON_NAME = AppIcon;
				INFOPLIST_FILE = "demo 1/Info.plist";
				LD_RUNPATH_SEARCH_PATHS = "$(inherited) @executable_path/Frameworks";
				PRODUCT_BUNDLE_IDENTIFIER = "nl.mprog.demo-1";
				PRODUCT_NAME = "$(TARGET_NAME)";
			};
			name = Debug;
		};
		E919B41A1C5F8D9D00FE4416 /* Release */ = {
			isa = XCBuildConfiguration;
			buildSettings = {
				ASSETCATALOG_COMPILER_APPICON_NAME = AppIcon;
				INFOPLIST_FILE = "demo 1/Info.plist";
				LD_RUNPATH_SEARCH_PATHS = "$(inherited) @executable_path/Frameworks";
				PRODUCT_BUNDLE_IDENTIFIER = "nl.mprog.demo-1";
				PRODUCT_NAME = "$(TARGET_NAME)";
			};
			name = Release;
		};
/* End XCBuildConfiguration section */

/* Begin XCConfigurationList section */
		E919B4011C5F8D9D00FE4416 /* Build configuration list for PBXProject "demo 1" */ = {
			isa = XCConfigurationList;
			buildConfigurations = (
				E919B4161C5F8D9D00FE4416 /* Debug */,
				E919B4171C5F8D9D00FE4416 /* Release */,
			);
			defaultConfigurationIsVisible = 0;
			defaultConfigurationName = Release;
		};
		E919B4181C5F8D9D00FE4416 /* Build configuration list for PBXNativeTarget "demo 1" */ = {
			isa = XCConfigurationList;
			buildConfigurations = (
				E919B4191C5F8D9D00FE4416 /* Debug */,
				E919B41A1C5F8D9D00FE4416 /* Release */,
			);
			defaultConfigurationIsVisible = 0;
		};
/* End XCConfigurationList section */
	};
	rootObject = E919B3FE1C5F8D9D00FE4416 /* Project object */;
}
